<?xml version="1.0" encoding="utf-8"?>
<Project ToolsVersion="4.0" xmlns="http://schemas.microsoft.com/developer/msbuild/2003">
  <ItemGroup>
    <ClCompile Include="lc0158.cpp" />
    <ClCompile Include="lc0269.cpp" />
    <ClCompile Include="lc0272.cpp" />
    <ClCompile Include="lc0291.cpp" />
    <ClCompile Include="lc0296.cpp" />
    <ClCompile Include="lc0302.cpp" />
    <ClCompile Include="lc0305.cpp" />
    <ClCompile Include="lc0308.cpp" />
    <ClCompile Include="lc0317.cpp" />
    <ClCompile Include="lc0340.cpp" />
    <ClCompile Include="lc0358.cpp" />
    <ClCompile Include="lc0411.cpp" />
    <ClCompile Include="lc0425.cpp" />
    <ClCompile Include="lc0428.cpp" />
    <ClCompile Include="main.cpp" />
    <ClCompile Include="pch.cpp" />
    <ClCompile Include="lc0431.cpp" />
    <ClCompile Include="lc0465.cpp" />
    <ClCompile Include="lc0471.cpp" />
  </ItemGroup>
  <ItemGroup>
    <ClInclude Include="commonstd.h" />
    <ClInclude Include="leetcode.h" />
    <ClInclude Include="pch.h" />
  </ItemGroup>
  <ItemGroup>
    <Text Include="lc0158_Read_N_Characters_Given_Read4II.txt" />
    <Text Include="lc0269_Alien_Dictionary.txt" />
    <Text Include="lc0272_Closest_Binary_Search_Tree_ValueII.txt" />
    <Text Include="lc0291_Word_PatternII.txt" />
    <Text Include="lc0296_Best_Meeting_Point.txt" />
    <Text Include="lc0302_Smallest_Rectangle_Enclosing_Black_Pixels.txt" />
    <Text Include="lc0305_Number_of_IslandsII.txt" />
    <Text Include="lc0308_Range_Sum_Query_2D_Mutable.txt" />
    <Text Include="lc0317_Shortest_Distance_from_All_Buildings.txt" />
    <Text Include="lc0340_Longest_Substring_with_At_Most_K_Distinct_Characters.txt" />
    <Text Include="lc0358_Rearrange_String_k_Distance_Apart.txt" />
    <Text Include="lc0411_Minimum_Unique_Word_Abbreviation.txt" />
    <Text Include="lc0425_Word_Squares.txt" />
    <Text Include="lc0428_Serialize_and_Deserialize_N-ary_Tree.txt" />
    <Text Include="lc0431_Encode_N-ary_Tree_to_Binary_Tree.txt" />
    <Text Include="lc0465_Optimal_Account_Balancing.txt" />
    <Text Include="lc0471_Encode_String_with_Shortest_Length.txt" />
  </ItemGroup>
</Project>